
Microsoft Visual Studio Solution File, Format Version 12.00
# Visual Studio Version 16
VisualStudioVersion = 16.0.29102.190
MinimumVisualStudioVersion = 10.0.40219.1
Project("{FAE04EC0-301F-11D3-BF4B-00C04F79EFBC}") = "ReactDemo.NET", "ReactDemo.NET\ReactDemo.NET.csproj", "{1023DC66-2CE3-4FD8-AAF6-4AE6D3FEEF43}"
EndProject
Global
	GlobalSection(SolutionConfigurationPlatforms) = preSolution
		Debug|Any CPU = Debug|Any CPU
		Release|Any CPU = Release|Any CPU
	EndGlobalSection
	GlobalSection(ProjectConfigurationPlatforms) = postSolution
		{1023DC66-2CE3-4FD8-AAF6-4AE6D3FEEF43}.Debug|Any CPU.ActiveCfg = Debug|Any CPU
		{1023DC66-2CE3-4FD8-AAF6-4AE6D3FEEF43}.Debug|Any CPU.Build.0 = Debug|Any CPU
		{1023DC66-2CE3-4FD8-AAF6-4AE6D3FEEF43}.Release|Any CPU.ActiveCfg = Release|Any CPU
		{1023DC66-2CE3-4FD8-AAF6-4AE6D3FEEF43}.Release|Any CPU.Build.0 = Release|Any CPU
	EndGlobalSection
	GlobalSection(SolutionProperties) = preSolution
		HideSolutionNode = FALSE
	EndGlobalSection
	GlobalSection(ExtensibilityGlobals) = postSolution
		SolutionGuid = {543F30BE-937B-4006-9B68-7ACF50F9CD9C}
	EndGlobalSection
EndGlobal
